
Microsoft Visual Studio Solution File, Format Version 12.00
# Visual Studio Version 17
VisualStudioVersion = 17.13.35825.156 d17.13
MinimumVisualStudioVersion = 10.0.40219.1
Project("{FAE04EC0-301F-11D3-BF4B-00C04F79EFBC}") = "WebApplicationTest", "WebApplicationTest.csproj", "{075FF526-57D6-4398-8200-1551BEE7EB25}"
EndProject
Global
	GlobalSection(SolutionConfigurationPlatforms) = preSolution
		Debug|Any CPU = Debug|Any CPU
		Release|Any CPU = Release|Any CPU
	EndGlobalSection
	GlobalSection(ProjectConfigurationPlatforms) = postSolution
		{075FF526-57D6-4398-8200-1551BEE7EB25}.Debug|Any CPU.ActiveCfg = Debug|Any CPU
		{075FF526-57D6-4398-8200-1551BEE7EB25}.Debug|Any CPU.Build.0 = Debug|Any CPU
		{075FF526-57D6-4398-8200-1551BEE7EB25}.Release|Any CPU.ActiveCfg = Release|Any CPU
		{075FF526-57D6-4398-8200-1551BEE7EB25}.Release|Any CPU.Build.0 = Release|Any CPU
	EndGlobalSection
	GlobalSection(SolutionProperties) = preSolution
		HideSolutionNode = FALSE
	EndGlobalSection
	GlobalSection(ExtensibilityGlobals) = postSolution
		SolutionGuid = {8E7E6E99-51AD-46E6-8FB0-F45FC2F85FA3}
	EndGlobalSection
EndGlobal
